
Microsoft Visual Studio Solution File, Format Version 12.00
# Visual Studio Version 17
VisualStudioVersion = 17.7.34202.233
MinimumVisualStudioVersion = 10.0.40219.1
Project("{FAE04EC0-301F-11D3-BF4B-00C04F79EFBC}") = "P5_2_714220043", "P5_2_714220043\P5_2_714220043.csproj", "{09E60571-1982-451F-9F85-65EB80726FAE}"
EndProject
Global
	GlobalSection(SolutionConfigurationPlatforms) = preSolution
		Debug|Any CPU = Debug|Any CPU
		Release|Any CPU = Release|Any CPU
	EndGlobalSection
	GlobalSection(ProjectConfigurationPlatforms) = postSolution
		{09E60571-1982-451F-9F85-65EB80726FAE}.Debug|Any CPU.ActiveCfg = Debug|Any CPU
		{09E60571-1982-451F-9F85-65EB80726FAE}.Debug|Any CPU.Build.0 = Debug|Any CPU
		{09E60571-1982-451F-9F85-65EB80726FAE}.Release|Any CPU.ActiveCfg = Release|Any CPU
		{09E60571-1982-451F-9F85-65EB80726FAE}.Release|Any CPU.Build.0 = Release|Any CPU
	EndGlobalSection
	GlobalSection(SolutionProperties) = preSolution
		HideSolutionNode = FALSE
	EndGlobalSection
	GlobalSection(ExtensibilityGlobals) = postSolution
		SolutionGuid = {C86718D5-88DC-4DDE-B9B5-F4658DD65938}
	EndGlobalSection
EndGlobal
