
Microsoft Visual Studio Solution File, Format Version 12.00
# Visual Studio Version 17
VisualStudioVersion = 17.7.34202.233
MinimumVisualStudioVersion = 10.0.40219.1
Project("{FAE04EC0-301F-11D3-BF4B-00C04F79EFBC}") = "P3_1_714220043", "P3_1_714220043\P3_1_714220043.csproj", "{F4699581-8C81-4626-8EEF-00ECD1C28A90}"
EndProject
Global
	GlobalSection(SolutionConfigurationPlatforms) = preSolution
		Debug|Any CPU = Debug|Any CPU
		Release|Any CPU = Release|Any CPU
	EndGlobalSection
	GlobalSection(ProjectConfigurationPlatforms) = postSolution
		{F4699581-8C81-4626-8EEF-00ECD1C28A90}.Debug|Any CPU.ActiveCfg = Debug|Any CPU
		{F4699581-8C81-4626-8EEF-00ECD1C28A90}.Debug|Any CPU.Build.0 = Debug|Any CPU
		{F4699581-8C81-4626-8EEF-00ECD1C28A90}.Release|Any CPU.ActiveCfg = Release|Any CPU
		{F4699581-8C81-4626-8EEF-00ECD1C28A90}.Release|Any CPU.Build.0 = Release|Any CPU
	EndGlobalSection
	GlobalSection(SolutionProperties) = preSolution
		HideSolutionNode = FALSE
	EndGlobalSection
	GlobalSection(ExtensibilityGlobals) = postSolution
		SolutionGuid = {1387B2C4-8D6F-42D5-97FE-62FA6609346C}
	EndGlobalSection
EndGlobal
