
Microsoft Visual Studio Solution File, Format Version 12.00
# Visual Studio Version 17
VisualStudioVersion = 17.7.34202.233
MinimumVisualStudioVersion = 10.0.40219.1
Project("{FAE04EC0-301F-11D3-BF4B-00C04F79EFBC}") = "P7_1_714220043", "P7_1_714220043\P7_1_714220043.csproj", "{F1E4A810-2145-4113-B766-B40E6533900F}"
EndProject
Global
	GlobalSection(SolutionConfigurationPlatforms) = preSolution
		Debug|Any CPU = Debug|Any CPU
		Release|Any CPU = Release|Any CPU
	EndGlobalSection
	GlobalSection(ProjectConfigurationPlatforms) = postSolution
		{F1E4A810-2145-4113-B766-B40E6533900F}.Debug|Any CPU.ActiveCfg = Debug|Any CPU
		{F1E4A810-2145-4113-B766-B40E6533900F}.Debug|Any CPU.Build.0 = Debug|Any CPU
		{F1E4A810-2145-4113-B766-B40E6533900F}.Release|Any CPU.ActiveCfg = Release|Any CPU
		{F1E4A810-2145-4113-B766-B40E6533900F}.Release|Any CPU.Build.0 = Release|Any CPU
	EndGlobalSection
	GlobalSection(SolutionProperties) = preSolution
		HideSolutionNode = FALSE
	EndGlobalSection
	GlobalSection(ExtensibilityGlobals) = postSolution
		SolutionGuid = {64684102-CFE6-4CAA-AA8E-CA13F0B89EF2}
	EndGlobalSection
EndGlobal
