
Microsoft Visual Studio Solution File, Format Version 12.00
# Visual Studio Version 17
VisualStudioVersion = 17.7.34202.233
MinimumVisualStudioVersion = 10.0.40219.1
Project("{FAE04EC0-301F-11D3-BF4B-00C04F79EFBC}") = "P4_2_714220043", "P4_2_714220043\P4_2_714220043.csproj", "{ADED0FD1-9E86-4FEA-AC37-5929A293CA28}"
EndProject
Global
	GlobalSection(SolutionConfigurationPlatforms) = preSolution
		Debug|Any CPU = Debug|Any CPU
		Release|Any CPU = Release|Any CPU
	EndGlobalSection
	GlobalSection(ProjectConfigurationPlatforms) = postSolution
		{ADED0FD1-9E86-4FEA-AC37-5929A293CA28}.Debug|Any CPU.ActiveCfg = Debug|Any CPU
		{ADED0FD1-9E86-4FEA-AC37-5929A293CA28}.Debug|Any CPU.Build.0 = Debug|Any CPU
		{ADED0FD1-9E86-4FEA-AC37-5929A293CA28}.Release|Any CPU.ActiveCfg = Release|Any CPU
		{ADED0FD1-9E86-4FEA-AC37-5929A293CA28}.Release|Any CPU.Build.0 = Release|Any CPU
	EndGlobalSection
	GlobalSection(SolutionProperties) = preSolution
		HideSolutionNode = FALSE
	EndGlobalSection
	GlobalSection(ExtensibilityGlobals) = postSolution
		SolutionGuid = {E7FC2A96-3052-46E3-8C9D-B7C7C67CA62F}
	EndGlobalSection
EndGlobal
